// !$*UTF8*$!
{
	archiveVersion = 1;
	classes = {
	};
	objectVersion = 46;
	objects = {

/* Begin PBXBuildFile section */
		7ADE7239547243A1A0897E07 /* libPods.a in Frameworks */ = {isa = PBXBuildFile; fileRef = E1B5FFF606B449118CA31BF3 /* libPods.a */; };
		DFCD4C801807482F00E10FC3 /* UIKit.framework in Frameworks */ = {isa = PBXBuildFile; fileRef = DFCD4C7F1807482F00E10FC3 /* UIKit.framework */; };
		DFCD4C821807482F00E10FC3 /* Foundation.framework in Frameworks */ = {isa = PBXBuildFile; fileRef = DFCD4C811807482F00E10FC3 /* Foundation.framework */; };
		DFCD4C841807482F00E10FC3 /* CoreGraphics.framework in Frameworks */ = {isa = PBXBuildFile; fileRef = DFCD4C831807482F00E10FC3 /* CoreGraphics.framework */; };
		DFCD4C8A1807482F00E10FC3 /* InfoPlist.strings in Resources */ = {isa = PBXBuildFile; fileRef = DFCD4C881807482F00E10FC3 /* InfoPlist.strings */; };
		DFCD4C8C1807482F00E10FC3 /* main.m in Sources */ = {isa = PBXBuildFile; fileRef = DFCD4C8B1807482F00E10FC3 /* main.m */; };
		DFCD4C901807482F00E10FC3 /* AppDelegate.m in Sources */ = {isa = PBXBuildFile; fileRef = DFCD4C8F1807482F00E10FC3 /* AppDelegate.m */; };
		DFCD4C921807482F00E10FC3 /* Default.png in Resources */ = {isa = PBXBuildFile; fileRef = DFCD4C911807482F00E10FC3 /* Default.png */; };
		DFCD4C941807482F00E10FC3 /* Default@2x.png in Resources */ = {isa = PBXBuildFile; fileRef = DFCD4C931807482F00E10FC3 /* Default@2x.png */; };
		DFCD4C961807482F00E10FC3 /* Default-568h@2x.png in Resources */ = {isa = PBXBuildFile; fileRef = DFCD4C951807482F00E10FC3 /* Default-568h@2x.png */; };
		DFCD4CA41807482F00E10FC3 /* SenTestingKit.framework in Frameworks */ = {isa = PBXBuildFile; fileRef = DFCD4CA31807482F00E10FC3 /* SenTestingKit.framework */; };
		DFCD4CA51807482F00E10FC3 /* UIKit.framework in Frameworks */ = {isa = PBXBuildFile; fileRef = DFCD4C7F1807482F00E10FC3 /* UIKit.framework */; };
		DFCD4CA61807482F00E10FC3 /* Foundation.framework in Frameworks */ = {isa = PBXBuildFile; fileRef = DFCD4C811807482F00E10FC3 /* Foundation.framework */; };
		DFCD4CAE1807482F00E10FC3 /* InfoPlist.strings in Resources */ = {isa = PBXBuildFile; fileRef = DFCD4CAC1807482F00E10FC3 /* InfoPlist.strings */; };
		DFCD4CB11807482F00E10FC3 /* HackVtProjectTests.m in Sources */ = {isa = PBXBuildFile; fileRef = DFCD4CB01807482F00E10FC3 /* HackVtProjectTests.m */; };
		DFCD4CC11807493300E10FC3 /* EventsViewController.m in Sources */ = {isa = PBXBuildFile; fileRef = DFCD4CBF1807493300E10FC3 /* EventsViewController.m */; };
		DFCD4CC21807493300E10FC3 /* EventsViewController.xib in Resources */ = {isa = PBXBuildFile; fileRef = DFCD4CC01807493300E10FC3 /* EventsViewController.xib */; };
		DFCD4CC61807494700E10FC3 /* ScannerViewController.m in Sources */ = {isa = PBXBuildFile; fileRef = DFCD4CC41807494700E10FC3 /* ScannerViewController.m */; };
		DFCD4CC71807494700E10FC3 /* ScannerViewController.xib in Resources */ = {isa = PBXBuildFile; fileRef = DFCD4CC51807494700E10FC3 /* ScannerViewController.xib */; };
		DFCD4CCD1807497700E10FC3 /* ContainerController.m in Sources */ = {isa = PBXBuildFile; fileRef = DFCD4CCC1807497700E10FC3 /* ContainerController.m */; };
		DFCD4CD21808451A00E10FC3 /* CalanderViewController.m in Sources */ = {isa = PBXBuildFile; fileRef = DFCD4CD01808451A00E10FC3 /* CalanderViewController.m */; };
		DFCD4CD31808451A00E10FC3 /* CalanderViewController.xib in Resources */ = {isa = PBXBuildFile; fileRef = DFCD4CD11808451A00E10FC3 /* CalanderViewController.xib */; };
		DFCD4CD5180845AB00E10FC3 /* CoreLocation.framework in Frameworks */ = {isa = PBXBuildFile; fileRef = DFCD4CD4180845AB00E10FC3 /* CoreLocation.framework */; };
		DFCD4CD718084AB800E10FC3 /* CoreMedia.framework in Frameworks */ = {isa = PBXBuildFile; fileRef = DFCD4CD618084AB800E10FC3 /* CoreMedia.framework */; };
		DFCD4CD918084AC500E10FC3 /* CoreVideo.framework in Frameworks */ = {isa = PBXBuildFile; fileRef = DFCD4CD818084AC500E10FC3 /* CoreVideo.framework */; };
		DFCD4CDB18084AD200E10FC3 /* libiconv.dylib in Frameworks */ = {isa = PBXBuildFile; fileRef = DFCD4CDA18084AD200E10FC3 /* libiconv.dylib */; };
		DFCD4CDD18084ADB00E10FC3 /* AVFoundation.framework in Frameworks */ = {isa = PBXBuildFile; fileRef = DFCD4CDC18084ADB00E10FC3 /* AVFoundation.framework */; };
		DFCD4CDF18084AE100E10FC3 /* QuartzCore.framework in Frameworks */ = {isa = PBXBuildFile; fileRef = DFCD4CDE18084AE100E10FC3 /* QuartzCore.framework */; };
/* End PBXBuildFile section */

/* Begin PBXContainerItemProxy section */
		DFCD4CA71807482F00E10FC3 /* PBXContainerItemProxy */ = {
			isa = PBXContainerItemProxy;
			containerPortal = DFCD4C741807482F00E10FC3 /* Project object */;
			proxyType = 1;
			remoteGlobalIDString = DFCD4C7B1807482F00E10FC3;
			remoteInfo = HackVtProject;
		};
/* End PBXContainerItemProxy section */

/* Begin PBXFileReference section */
		B1FA93CDF9DE4F33B06F16BC /* Pods.xcconfig */ = {isa = PBXFileReference; includeInIndex = 1; lastKnownFileType = text.xcconfig; name = Pods.xcconfig; path = Pods/Pods.xcconfig; sourceTree = "<group>"; };
		DFCD4C7C1807482F00E10FC3 /* HackVtProject.app */ = {isa = PBXFileReference; explicitFileType = wrapper.application; includeInIndex = 0; path = HackVtProject.app; sourceTree = BUILT_PRODUCTS_DIR; };
		DFCD4C7F1807482F00E10FC3 /* UIKit.framework */ = {isa = PBXFileReference; lastKnownFileType = wrapper.framework; name = UIKit.framework; path = System/Library/Frameworks/UIKit.framework; sourceTree = SDKROOT; };
		DFCD4C811807482F00E10FC3 /* Foundation.framework */ = {isa = PBXFileReference; lastKnownFileType = wrapper.framework; name = Foundation.framework; path = System/Library/Frameworks/Foundation.framework; sourceTree = SDKROOT; };
		DFCD4C831807482F00E10FC3 /* CoreGraphics.framework */ = {isa = PBXFileReference; lastKnownFileType = wrapper.framework; name = CoreGraphics.framework; path = System/Library/Frameworks/CoreGraphics.framework; sourceTree = SDKROOT; };
		DFCD4C871807482F00E10FC3 /* HackVtProject-Info.plist */ = {isa = PBXFileReference; lastKnownFileType = text.plist.xml; path = "HackVtProject-Info.plist"; sourceTree = "<group>"; };
		DFCD4C891807482F00E10FC3 /* en */ = {isa = PBXFileReference; lastKnownFileType = text.plist.strings; name = en; path = en.lproj/InfoPlist.strings; sourceTree = "<group>"; };
		DFCD4C8B1807482F00E10FC3 /* main.m */ = {isa = PBXFileReference; lastKnownFileType = sourcecode.c.objc; path = main.m; sourceTree = "<group>"; };
		DFCD4C8D1807482F00E10FC3 /* HackVtProject-Prefix.pch */ = {isa = PBXFileReference; lastKnownFileType = sourcecode.c.h; path = "HackVtProject-Prefix.pch"; sourceTree = "<group>"; };
		DFCD4C8E1807482F00E10FC3 /* AppDelegate.h */ = {isa = PBXFileReference; lastKnownFileType = sourcecode.c.h; path = AppDelegate.h; sourceTree = "<group>"; };
		DFCD4C8F1807482F00E10FC3 /* AppDelegate.m */ = {isa = PBXFileReference; lastKnownFileType = sourcecode.c.objc; path = AppDelegate.m; sourceTree = "<group>"; };
		DFCD4C911807482F00E10FC3 /* Default.png */ = {isa = PBXFileReference; lastKnownFileType = image.png; path = Default.png; sourceTree = "<group>"; };
		DFCD4C931807482F00E10FC3 /* Default@2x.png */ = {isa = PBXFileReference; lastKnownFileType = image.png; path = "Default@2x.png"; sourceTree = "<group>"; };
		DFCD4C951807482F00E10FC3 /* Default-568h@2x.png */ = {isa = PBXFileReference; lastKnownFileType = image.png; path = "Default-568h@2x.png"; sourceTree = "<group>"; };
		DFCD4CA21807482F00E10FC3 /* HackVtProjectTests.octest */ = {isa = PBXFileReference; explicitFileType = wrapper.cfbundle; includeInIndex = 0; path = HackVtProjectTests.octest; sourceTree = BUILT_PRODUCTS_DIR; };
		DFCD4CA31807482F00E10FC3 /* SenTestingKit.framework */ = {isa = PBXFileReference; lastKnownFileType = wrapper.framework; name = SenTestingKit.framework; path = Library/Frameworks/SenTestingKit.framework; sourceTree = DEVELOPER_DIR; };
		DFCD4CAB1807482F00E10FC3 /* HackVtProjectTests-Info.plist */ = {isa = PBXFileReference; lastKnownFileType = text.plist.xml; path = "HackVtProjectTests-Info.plist"; sourceTree = "<group>"; };
		DFCD4CAD1807482F00E10FC3 /* en */ = {isa = PBXFileReference; lastKnownFileType = text.plist.strings; name = en; path = en.lproj/InfoPlist.strings; sourceTree = "<group>"; };
		DFCD4CAF1807482F00E10FC3 /* HackVtProjectTests.h */ = {isa = PBXFileReference; lastKnownFileType = sourcecode.c.h; path = HackVtProjectTests.h; sourceTree = "<group>"; };
		DFCD4CB01807482F00E10FC3 /* HackVtProjectTests.m */ = {isa = PBXFileReference; lastKnownFileType = sourcecode.c.objc; path = HackVtProjectTests.m; sourceTree = "<group>"; };
		DFCD4CBE1807493300E10FC3 /* EventsViewController.h */ = {isa = PBXFileReference; fileEncoding = 4; lastKnownFileType = sourcecode.c.h; path = EventsViewController.h; sourceTree = "<group>"; };
		DFCD4CBF1807493300E10FC3 /* EventsViewController.m */ = {isa = PBXFileReference; fileEncoding = 4; lastKnownFileType = sourcecode.c.objc; path = EventsViewController.m; sourceTree = "<group>"; };
		DFCD4CC01807493300E10FC3 /* EventsViewController.xib */ = {isa = PBXFileReference; fileEncoding = 4; lastKnownFileType = file.xib; path = EventsViewController.xib; sourceTree = "<group>"; };
		DFCD4CC31807494700E10FC3 /* ScannerViewController.h */ = {isa = PBXFileReference; fileEncoding = 4; lastKnownFileType = sourcecode.c.h; path = ScannerViewController.h; sourceTree = "<group>"; };
		DFCD4CC41807494700E10FC3 /* ScannerViewController.m */ = {isa = PBXFileReference; fileEncoding = 4; lastKnownFileType = sourcecode.c.objc; path = ScannerViewController.m; sourceTree = "<group>"; };
		DFCD4CC51807494700E10FC3 /* ScannerViewController.xib */ = {isa = PBXFileReference; fileEncoding = 4; lastKnownFileType = file.xib; path = ScannerViewController.xib; sourceTree = "<group>"; };
		DFCD4CCB1807497700E10FC3 /* ContainerController.h */ = {isa = PBXFileReference; fileEncoding = 4; lastKnownFileType = sourcecode.c.h; path = ContainerController.h; sourceTree = "<group>"; };
		DFCD4CCC1807497700E10FC3 /* ContainerController.m */ = {isa = PBXFileReference; fileEncoding = 4; lastKnownFileType = sourcecode.c.objc; path = ContainerController.m; sourceTree = "<group>"; };
		DFCD4CCF1808451A00E10FC3 /* CalanderViewController.h */ = {isa = PBXFileReference; fileEncoding = 4; lastKnownFileType = sourcecode.c.h; path = CalanderViewController.h; sourceTree = "<group>"; };
		DFCD4CD01808451A00E10FC3 /* CalanderViewController.m */ = {isa = PBXFileReference; fileEncoding = 4; lastKnownFileType = sourcecode.c.objc; path = CalanderViewController.m; sourceTree = "<group>"; };
		DFCD4CD11808451A00E10FC3 /* CalanderViewController.xib */ = {isa = PBXFileReference; fileEncoding = 4; lastKnownFileType = file.xib; path = CalanderViewController.xib; sourceTree = "<group>"; };
		DFCD4CD4180845AB00E10FC3 /* CoreLocation.framework */ = {isa = PBXFileReference; lastKnownFileType = wrapper.framework; name = CoreLocation.framework; path = System/Library/Frameworks/CoreLocation.framework; sourceTree = SDKROOT; };
		DFCD4CD618084AB800E10FC3 /* CoreMedia.framework */ = {isa = PBXFileReference; lastKnownFileType = wrapper.framework; name = CoreMedia.framework; path = System/Library/Frameworks/CoreMedia.framework; sourceTree = SDKROOT; };
		DFCD4CD818084AC500E10FC3 /* CoreVideo.framework */ = {isa = PBXFileReference; lastKnownFileType = wrapper.framework; name = CoreVideo.framework; path = System/Library/Frameworks/CoreVideo.framework; sourceTree = SDKROOT; };
		DFCD4CDA18084AD200E10FC3 /* libiconv.dylib */ = {isa = PBXFileReference; lastKnownFileType = "compiled.mach-o.dylib"; name = libiconv.dylib; path = usr/lib/libiconv.dylib; sourceTree = SDKROOT; };
		DFCD4CDC18084ADB00E10FC3 /* AVFoundation.framework */ = {isa = PBXFileReference; lastKnownFileType = wrapper.framework; name = AVFoundation.framework; path = System/Library/Frameworks/AVFoundation.framework; sourceTree = SDKROOT; };
		DFCD4CDE18084AE100E10FC3 /* QuartzCore.framework */ = {isa = PBXFileReference; lastKnownFileType = wrapper.framework; name = QuartzCore.framework; path = System/Library/Frameworks/QuartzCore.framework; sourceTree = SDKROOT; };
		E1B5FFF606B449118CA31BF3 /* libPods.a */ = {isa = PBXFileReference; explicitFileType = archive.ar; includeInIndex = 0; path = libPods.a; sourceTree = BUILT_PRODUCTS_DIR; };
/* End PBXFileReference section */

/* Begin PBXFrameworksBuildPhase section */
		DFCD4C791807482F00E10FC3 /* Frameworks */ = {
			isa = PBXFrameworksBuildPhase;
			buildActionMask = 2147483647;
			files = (
				DFCD4CDF18084AE100E10FC3 /* QuartzCore.framework in Frameworks */,
				DFCD4CDD18084ADB00E10FC3 /* AVFoundation.framework in Frameworks */,
				DFCD4CDB18084AD200E10FC3 /* libiconv.dylib in Frameworks */,
				DFCD4CD918084AC500E10FC3 /* CoreVideo.framework in Frameworks */,
				DFCD4CD718084AB800E10FC3 /* CoreMedia.framework in Frameworks */,
				DFCD4CD5180845AB00E10FC3 /* CoreLocation.framework in Frameworks */,
				DFCD4C801807482F00E10FC3 /* UIKit.framework in Frameworks */,
				DFCD4C821807482F00E10FC3 /* Foundation.framework in Frameworks */,
				DFCD4C841807482F00E10FC3 /* CoreGraphics.framework in Frameworks */,
				7ADE7239547243A1A0897E07 /* libPods.a in Frameworks */,
			);
			runOnlyForDeploymentPostprocessing = 0;
		};
		DFCD4C9E1807482F00E10FC3 /* Frameworks */ = {
			isa = PBXFrameworksBuildPhase;
			buildActionMask = 2147483647;
			files = (
				DFCD4CA41807482F00E10FC3 /* SenTestingKit.framework in Frameworks */,
				DFCD4CA51807482F00E10FC3 /* UIKit.framework in Frameworks */,
				DFCD4CA61807482F00E10FC3 /* Foundation.framework in Frameworks */,
			);
			runOnlyForDeploymentPostprocessing = 0;
		};
/* End PBXFrameworksBuildPhase section */

/* Begin PBXGroup section */
		DFCD4C731807482F00E10FC3 = {
			isa = PBXGroup;
			children = (
				DFCD4C851807482F00E10FC3 /* HackVtProject */,
				DFCD4CA91807482F00E10FC3 /* HackVtProjectTests */,
				DFCD4C7E1807482F00E10FC3 /* Frameworks */,
				DFCD4C7D1807482F00E10FC3 /* Products */,
				B1FA93CDF9DE4F33B06F16BC /* Pods.xcconfig */,
			);
			sourceTree = "<group>";
		};
		DFCD4C7D1807482F00E10FC3 /* Products */ = {
			isa = PBXGroup;
			children = (
				DFCD4C7C1807482F00E10FC3 /* HackVtProject.app */,
				DFCD4CA21807482F00E10FC3 /* HackVtProjectTests.octest */,
			);
			name = Products;
			sourceTree = "<group>";
		};
		DFCD4C7E1807482F00E10FC3 /* Frameworks */ = {
			isa = PBXGroup;
			children = (
				DFCD4CDE18084AE100E10FC3 /* QuartzCore.framework */,
				DFCD4CDC18084ADB00E10FC3 /* AVFoundation.framework */,
				DFCD4CDA18084AD200E10FC3 /* libiconv.dylib */,
				DFCD4CD818084AC500E10FC3 /* CoreVideo.framework */,
				DFCD4CD618084AB800E10FC3 /* CoreMedia.framework */,
				DFCD4CD4180845AB00E10FC3 /* CoreLocation.framework */,
				DFCD4C7F1807482F00E10FC3 /* UIKit.framework */,
				DFCD4C811807482F00E10FC3 /* Foundation.framework */,
				DFCD4C831807482F00E10FC3 /* CoreGraphics.framework */,
				DFCD4CA31807482F00E10FC3 /* SenTestingKit.framework */,
				E1B5FFF606B449118CA31BF3 /* libPods.a */,
			);
			name = Frameworks;
			sourceTree = "<group>";
		};
		DFCD4C851807482F00E10FC3 /* HackVtProject */ = {
			isa = PBXGroup;
			children = (
				DFCD4C8E1807482F00E10FC3 /* AppDelegate.h */,
				DFCD4C8F1807482F00E10FC3 /* AppDelegate.m */,
				DFCD4CBA180748F400E10FC3 /* User Inferface */,
				DFCD4C861807482F00E10FC3 /* Supporting Files */,
			);
			path = HackVtProject;
			sourceTree = "<group>";
		};
		DFCD4C861807482F00E10FC3 /* Supporting Files */ = {
			isa = PBXGroup;
			children = (
				DFCD4C871807482F00E10FC3 /* HackVtProject-Info.plist */,
				DFCD4C881807482F00E10FC3 /* InfoPlist.strings */,
				DFCD4C8B1807482F00E10FC3 /* main.m */,
				DFCD4C8D1807482F00E10FC3 /* HackVtProject-Prefix.pch */,
				DFCD4C911807482F00E10FC3 /* Default.png */,
				DFCD4C931807482F00E10FC3 /* Default@2x.png */,
				DFCD4C951807482F00E10FC3 /* Default-568h@2x.png */,
			);
			name = "Supporting Files";
			sourceTree = "<group>";
		};
		DFCD4CA91807482F00E10FC3 /* HackVtProjectTests */ = {
			isa = PBXGroup;
			children = (
				DFCD4CAF1807482F00E10FC3 /* HackVtProjectTests.h */,
				DFCD4CB01807482F00E10FC3 /* HackVtProjectTests.m */,
				DFCD4CAA1807482F00E10FC3 /* Supporting Files */,
			);
			path = HackVtProjectTests;
			sourceTree = "<group>";
		};
		DFCD4CAA1807482F00E10FC3 /* Supporting Files */ = {
			isa = PBXGroup;
			children = (
				DFCD4CAB1807482F00E10FC3 /* HackVtProjectTests-Info.plist */,
				DFCD4CAC1807482F00E10FC3 /* InfoPlist.strings */,
			);
			name = "Supporting Files";
			sourceTree = "<group>";
		};
		DFCD4CBA180748F400E10FC3 /* User Inferface */ = {
			isa = PBXGroup;
			children = (
				DFCD4CCA1807496400E10FC3 /* Container Controller */,
				DFCD4CC91807495300E10FC3 /* Events Controller */,
				DFCD4CCE180844F400E10FC3 /* Calander Controller */,
				DFCD4CC81807494B00E10FC3 /* Scanner Controller */,
			);
			name = "User Inferface";
			sourceTree = "<group>";
		};
		DFCD4CC81807494B00E10FC3 /* Scanner Controller */ = {
			isa = PBXGroup;
			children = (
				DFCD4CC31807494700E10FC3 /* ScannerViewController.h */,
				DFCD4CC41807494700E10FC3 /* ScannerViewController.m */,
				DFCD4CC51807494700E10FC3 /* ScannerViewController.xib */,
			);
			name = "Scanner Controller";
			sourceTree = "<group>";
		};
		DFCD4CC91807495300E10FC3 /* Events Controller */ = {
			isa = PBXGroup;
			children = (
				DFCD4CBE1807493300E10FC3 /* EventsViewController.h */,
				DFCD4CBF1807493300E10FC3 /* EventsViewController.m */,
				DFCD4CC01807493300E10FC3 /* EventsViewController.xib */,
			);
			name = "Events Controller";
			sourceTree = "<group>";
		};
		DFCD4CCA1807496400E10FC3 /* Container Controller */ = {
			isa = PBXGroup;
			children = (
				DFCD4CCB1807497700E10FC3 /* ContainerController.h */,
				DFCD4CCC1807497700E10FC3 /* ContainerController.m */,
			);
			name = "Container Controller";
			sourceTree = "<group>";
		};
		DFCD4CCE180844F400E10FC3 /* Calander Controller */ = {
			isa = PBXGroup;
			children = (
				DFCD4CCF1808451A00E10FC3 /* CalanderViewController.h */,
				DFCD4CD01808451A00E10FC3 /* CalanderViewController.m */,
				DFCD4CD11808451A00E10FC3 /* CalanderViewController.xib */,
			);
			name = "Calander Controller";
			sourceTree = "<group>";
		};
/* End PBXGroup section */

/* Begin PBXNativeTarget section */
		DFCD4C7B1807482F00E10FC3 /* HackVtProject */ = {
			isa = PBXNativeTarget;
			buildConfigurationList = DFCD4CB41807482F00E10FC3 /* Build configuration list for PBXNativeTarget "HackVtProject" */;
			buildPhases = (
				129DF78436A442619D898FB1 /* Check Pods Manifest.lock */,
				DFCD4C781807482F00E10FC3 /* Sources */,
				DFCD4C791807482F00E10FC3 /* Frameworks */,
				DFCD4C7A1807482F00E10FC3 /* Resources */,
				46E68D65D74F44F8AC5D4FF4 /* Copy Pods Resources */,
			);
			buildRules = (
			);
			dependencies = (
			);
			name = HackVtProject;
			productName = HackVtProject;
			productReference = DFCD4C7C1807482F00E10FC3 /* HackVtProject.app */;
			productType = "com.apple.product-type.application";
		};
		DFCD4CA11807482F00E10FC3 /* HackVtProjectTests */ = {
			isa = PBXNativeTarget;
			buildConfigurationList = DFCD4CB71807482F00E10FC3 /* Build configuration list for PBXNativeTarget "HackVtProjectTests" */;
			buildPhases = (
				DFCD4C9D1807482F00E10FC3 /* Sources */,
				DFCD4C9E1807482F00E10FC3 /* Frameworks */,
				DFCD4C9F1807482F00E10FC3 /* Resources */,
				DFCD4CA01807482F00E10FC3 /* ShellScript */,
			);
			buildRules = (
			);
			dependencies = (
				DFCD4CA81807482F00E10FC3 /* PBXTargetDependency */,
			);
			name = HackVtProjectTests;
			productName = HackVtProjectTests;
			productReference = DFCD4CA21807482F00E10FC3 /* HackVtProjectTests.octest */;
			productType = "com.apple.product-type.bundle";
		};
/* End PBXNativeTarget section */

/* Begin PBXProject section */
		DFCD4C741807482F00E10FC3 /* Project object */ = {
			isa = PBXProject;
			attributes = {
				LastUpgradeCheck = 0460;
				ORGANIZATIONNAME = CSScrew;
			};
			buildConfigurationList = DFCD4C771807482F00E10FC3 /* Build configuration list for PBXProject "HackVtProject" */;
			compatibilityVersion = "Xcode 3.2";
			developmentRegion = English;
			hasScannedForEncodings = 0;
			knownRegions = (
				en,
			);
			mainGroup = DFCD4C731807482F00E10FC3;
			productRefGroup = DFCD4C7D1807482F00E10FC3 /* Products */;
			projectDirPath = "";
			projectRoot = "";
			targets = (
				DFCD4C7B1807482F00E10FC3 /* HackVtProject */,
				DFCD4CA11807482F00E10FC3 /* HackVtProjectTests */,
			);
		};
/* End PBXProject section */

/* Begin PBXResourcesBuildPhase section */
		DFCD4C7A1807482F00E10FC3 /* Resources */ = {
			isa = PBXResourcesBuildPhase;
			buildActionMask = 2147483647;
			files = (
				DFCD4C8A1807482F00E10FC3 /* InfoPlist.strings in Resources */,
				DFCD4C921807482F00E10FC3 /* Default.png in Resources */,
				DFCD4C941807482F00E10FC3 /* Default@2x.png in Resources */,
				DFCD4C961807482F00E10FC3 /* Default-568h@2x.png in Resources */,
				DFCD4CC21807493300E10FC3 /* EventsViewController.xib in Resources */,
				DFCD4CC71807494700E10FC3 /* ScannerViewController.xib in Resources */,
				DFCD4CD31808451A00E10FC3 /* CalanderViewController.xib in Resources */,
			);
			runOnlyForDeploymentPostprocessing = 0;
		};
		DFCD4C9F1807482F00E10FC3 /* Resources */ = {
			isa = PBXResourcesBuildPhase;
			buildActionMask = 2147483647;
			files = (
				DFCD4CAE1807482F00E10FC3 /* InfoPlist.strings in Resources */,
			);
			runOnlyForDeploymentPostprocessing = 0;
		};
/* End PBXResourcesBuildPhase section */

/* Begin PBXShellScriptBuildPhase section */
		129DF78436A442619D898FB1 /* Check Pods Manifest.lock */ = {
			isa = PBXShellScriptBuildPhase;
			buildActionMask = 2147483647;
			files = (
			);
			inputPaths = (
			);
			name = "Check Pods Manifest.lock";
			outputPaths = (
			);
			runOnlyForDeploymentPostprocessing = 0;
			shellPath = /bin/sh;
			shellScript = "diff \"${PODS_ROOT}/../Podfile.lock\" \"${PODS_ROOT}/Manifest.lock\" > /dev/null\nif [[ $? != 0 ]] ; then\n    cat << EOM\nerror: The sandbox is not in sync with the Podfile.lock. Run 'pod install' or update your CocoaPods installation.\nEOM\n    exit 1\nfi\n";
			showEnvVarsInLog = 0;
		};
		46E68D65D74F44F8AC5D4FF4 /* Copy Pods Resources */ = {
			isa = PBXShellScriptBuildPhase;
			buildActionMask = 2147483647;
			files = (
			);
			inputPaths = (
			);
			name = "Copy Pods Resources";
			outputPaths = (
			);
			runOnlyForDeploymentPostprocessing = 0;
			shellPath = /bin/sh;
			shellScript = "\"${SRCROOT}/Pods/Pods-resources.sh\"\n";
			showEnvVarsInLog = 0;
		};
		DFCD4CA01807482F00E10FC3 /* ShellScript */ = {
			isa = PBXShellScriptBuildPhase;
			buildActionMask = 2147483647;
			files = (
			);
			inputPaths = (
			);
			outputPaths = (
			);
			runOnlyForDeploymentPostprocessing = 0;
			shellPath = /bin/sh;
			shellScript = "# Run the unit tests in this test bundle.\n\"${SYSTEM_DEVELOPER_DIR}/Tools/RunUnitTests\"\n";
		};
/* End PBXShellScriptBuildPhase section */

/* Begin PBXSourcesBuildPhase section */
		DFCD4C781807482F00E10FC3 /* Sources */ = {
			isa = PBXSourcesBuildPhase;
			buildActionMask = 2147483647;
			files = (
				DFCD4C8C1807482F00E10FC3 /* main.m in Sources */,
				DFCD4C901807482F00E10FC3 /* AppDelegate.m in Sources */,
				DFCD4CC11807493300E10FC3 /* EventsViewController.m in Sources */,
				DFCD4CC61807494700E10FC3 /* ScannerViewController.m in Sources */,
				DFCD4CCD1807497700E10FC3 /* ContainerController.m in Sources */,
				DFCD4CD21808451A00E10FC3 /* CalanderViewController.m in Sources */,
			);
			runOnlyForDeploymentPostprocessing = 0;
		};
		DFCD4C9D1807482F00E10FC3 /* Sources */ = {
			isa = PBXSourcesBuildPhase;
			buildActionMask = 2147483647;
			files = (
				DFCD4CB11807482F00E10FC3 /* HackVtProjectTests.m in Sources */,
			);
			runOnlyForDeploymentPostprocessing = 0;
		};
/* End PBXSourcesBuildPhase section */

/* Begin PBXTargetDependency section */
		DFCD4CA81807482F00E10FC3 /* PBXTargetDependency */ = {
			isa = PBXTargetDependency;
			target = DFCD4C7B1807482F00E10FC3 /* HackVtProject */;
			targetProxy = DFCD4CA71807482F00E10FC3 /* PBXContainerItemProxy */;
		};
/* End PBXTargetDependency section */

/* Begin PBXVariantGroup section */
		DFCD4C881807482F00E10FC3 /* InfoPlist.strings */ = {
			isa = PBXVariantGroup;
			children = (
				DFCD4C891807482F00E10FC3 /* en */,
			);
			name = InfoPlist.strings;
			sourceTree = "<group>";
		};
		DFCD4CAC1807482F00E10FC3 /* InfoPlist.strings */ = {
			isa = PBXVariantGroup;
			children = (
				DFCD4CAD1807482F00E10FC3 /* en */,
			);
			name = InfoPlist.strings;
			sourceTree = "<group>";
		};
/* End PBXVariantGroup section */

/* Begin XCBuildConfiguration section */
		DFCD4CB21807482F00E10FC3 /* Debug */ = {
			isa = XCBuildConfiguration;
			buildSettings = {
				ALWAYS_SEARCH_USER_PATHS = NO;
				CLANG_CXX_LANGUAGE_STANDARD = "gnu++0x";
				CLANG_CXX_LIBRARY = "libc++";
				CLANG_ENABLE_OBJC_ARC = YES;
				CLANG_WARN_CONSTANT_CONVERSION = YES;
				CLANG_WARN_EMPTY_BODY = YES;
				CLANG_WARN_ENUM_CONVERSION = YES;
				CLANG_WARN_INT_CONVERSION = YES;
				CLANG_WARN__DUPLICATE_METHOD_MATCH = YES;
				"CODE_SIGN_IDENTITY[sdk=iphoneos*]" = "iPhone Developer";
				COPY_PHASE_STRIP = NO;
				GCC_C_LANGUAGE_STANDARD = gnu99;
				GCC_DYNAMIC_NO_PIC = NO;
				GCC_OPTIMIZATION_LEVEL = 0;
				GCC_PREPROCESSOR_DEFINITIONS = (
					"DEBUG=1",
					"$(inherited)",
				);
				GCC_SYMBOLS_PRIVATE_EXTERN = NO;
				GCC_WARN_ABOUT_RETURN_TYPE = YES;
				GCC_WARN_UNINITIALIZED_AUTOS = YES;
				GCC_WARN_UNUSED_VARIABLE = YES;
				IPHONEOS_DEPLOYMENT_TARGET = 6.1;
				ONLY_ACTIVE_ARCH = YES;
				SDKROOT = iphoneos;
			};
			name = Debug;
		};
		DFCD4CB31807482F00E10FC3 /* Release */ = {
			isa = XCBuildConfiguration;
			buildSettings = {
				ALWAYS_SEARCH_USER_PATHS = NO;
				CLANG_CXX_LANGUAGE_STANDARD = "gnu++0x";
				CLANG_CXX_LIBRARY = "libc++";
				CLANG_ENABLE_OBJC_ARC = YES;
				CLANG_WARN_CONSTANT_CONVERSION = YES;
				CLANG_WARN_EMPTY_BODY = YES;
				CLANG_WARN_ENUM_CONVERSION = YES;
				CLANG_WARN_INT_CONVERSION = YES;
				CLANG_WARN__DUPLICATE_METHOD_MATCH = YES;
				"CODE_SIGN_IDENTITY[sdk=iphoneos*]" = "iPhone Developer";
				COPY_PHASE_STRIP = YES;
				GCC_C_LANGUAGE_STANDARD = gnu99;
				GCC_WARN_ABOUT_RETURN_TYPE = YES;
				GCC_WARN_UNINITIALIZED_AUTOS = YES;
				GCC_WARN_UNUSED_VARIABLE = YES;
				IPHONEOS_DEPLOYMENT_TARGET = 6.1;
				OTHER_CFLAGS = "-DNS_BLOCK_ASSERTIONS=1";
				SDKROOT = iphoneos;
				VALIDATE_PRODUCT = YES;
			};
			name = Release;
		};
		DFCD4CB51807482F00E10FC3 /* Debug */ = {
			isa = XCBuildConfiguration;
			baseConfigurationReference = B1FA93CDF9DE4F33B06F16BC /* Pods.xcconfig */;
			buildSettings = {
				GCC_PRECOMPILE_PREFIX_HEADER = YES;
				GCC_PREFIX_HEADER = "HackVtProject/HackVtProject-Prefix.pch";
				INFOPLIST_FILE = "HackVtProject/HackVtProject-Info.plist";
				IPHONEOS_DEPLOYMENT_TARGET = 6.1;
				PRODUCT_NAME = "$(TARGET_NAME)";
				TARGETED_DEVICE_FAMILY = 1;
				WRAPPER_EXTENSION = app;
			};
			name = Debug;
		};
		DFCD4CB61807482F00E10FC3 /* Release */ = {
			isa = XCBuildConfiguration;
			baseConfigurationReference = B1FA93CDF9DE4F33B06F16BC /* Pods.xcconfig */;
			buildSettings = {
				GCC_PRECOMPILE_PREFIX_HEADER = YES;
				GCC_PREFIX_HEADER = "HackVtProject/HackVtProject-Prefix.pch";
				INFOPLIST_FILE = "HackVtProject/HackVtProject-Info.plist";
				IPHONEOS_DEPLOYMENT_TARGET = 6.1;
				PRODUCT_NAME = "$(TARGET_NAME)";
				TARGETED_DEVICE_FAMILY = 1;
				WRAPPER_EXTENSION = app;
			};
			name = Release;
		};
		DFCD4CB81807482F00E10FC3 /* Debug */ = {
			isa = XCBuildConfiguration;
			buildSettings = {
				BUNDLE_LOADER = "$(BUILT_PRODUCTS_DIR)/HackVtProject.app/HackVtProject";
				FRAMEWORK_SEARCH_PATHS = (
					"\"$(SDKROOT)/Developer/Library/Frameworks\"",
					"\"$(DEVELOPER_LIBRARY_DIR)/Frameworks\"",
				);
				GCC_PRECOMPILE_PREFIX_HEADER = YES;
				GCC_PREFIX_HEADER = "HackVtProject/HackVtProject-Prefix.pch";
				INFOPLIST_FILE = "HackVtProjectTests/HackVtProjectTests-Info.plist";
				PRODUCT_NAME = "$(TARGET_NAME)";
				TEST_HOST = "$(BUNDLE_LOADER)";
				WRAPPER_EXTENSION = octest;
			};
			name = Debug;
		};
		DFCD4CB91807482F00E10FC3 /* Release */ = {
			isa = XCBuildConfiguration;
			buildSettings = {
				BUNDLE_LOADER = "$(BUILT_PRODUCTS_DIR)/HackVtProject.app/HackVtProject";
				FRAMEWORK_SEARCH_PATHS = (
					"\"$(SDKROOT)/Developer/Library/Frameworks\"",
					"\"$(DEVELOPER_LIBRARY_DIR)/Frameworks\"",
				);
				GCC_PRECOMPILE_PREFIX_HEADER = YES;
				GCC_PREFIX_HEADER = "HackVtProject/HackVtProject-Prefix.pch";
				INFOPLIST_FILE = "HackVtProjectTests/HackVtProjectTests-Info.plist";
				PRODUCT_NAME = "$(TARGET_NAME)";
				TEST_HOST = "$(BUNDLE_LOADER)";
				WRAPPER_EXTENSION = octest;
			};
			name = Release;
		};
/* End XCBuildConfiguration section */

/* Begin XCConfigurationList section */
		DFCD4C771807482F00E10FC3 /* Build configuration list for PBXProject "HackVtProject" */ = {
			isa = XCConfigurationList;
			buildConfigurations = (
				DFCD4CB21807482F00E10FC3 /* Debug */,
				DFCD4CB31807482F00E10FC3 /* Release */,
			);
			defaultConfigurationIsVisible = 0;
			defaultConfigurationName = Release;
		};
		DFCD4CB41807482F00E10FC3 /* Build configuration list for PBXNativeTarget "HackVtProject" */ = {
			isa = XCConfigurationList;
			buildConfigurations = (
				DFCD4CB51807482F00E10FC3 /* Debug */,
				DFCD4CB61807482F00E10FC3 /* Release */,
			);
			defaultConfigurationIsVisible = 0;
			defaultConfigurationName = Release;
		};
		DFCD4CB71807482F00E10FC3 /* Build configuration list for PBXNativeTarget "HackVtProjectTests" */ = {
			isa = XCConfigurationList;
			buildConfigurations = (
				DFCD4CB81807482F00E10FC3 /* Debug */,
				DFCD4CB91807482F00E10FC3 /* Release */,
			);
			defaultConfigurationIsVisible = 0;
			defaultConfigurationName = Release;
		};
/* End XCConfigurationList section */
	};
	rootObject = DFCD4C741807482F00E10FC3 /* Project object */;
}
